// !$*UTF8*$!
{
	archiveVersion = 1;
	classes = {
	};
	objectVersion = 56;
	objects = {

/* Begin PBXBuildFile section */
		22D2D8F62B31752E0061FF7E /* stickyCardView.swift in Sources */ = {isa = PBXBuildFile; fileRef = 22D2D8F52B31752E0061FF7E /* stickyCardView.swift */; };
		944028BC2B30349D00D8F318 /* TinyTalksApp.swift in Sources */ = {isa = PBXBuildFile; fileRef = 944028BB2B30349D00D8F318 /* TinyTalksApp.swift */; };
		944028BE2B30349D00D8F318 /* ContentView.swift in Sources */ = {isa = PBXBuildFile; fileRef = 944028BD2B30349D00D8F318 /* ContentView.swift */; };
		944028C02B30349F00D8F318 /* Assets.xcassets in Resources */ = {isa = PBXBuildFile; fileRef = 944028BF2B30349F00D8F318 /* Assets.xcassets */; };
		944028C32B30349F00D8F318 /* Preview Assets.xcassets in Resources */ = {isa = PBXBuildFile; fileRef = 944028C22B30349F00D8F318 /* Preview Assets.xcassets */; };
		944028CF2B3045D800D8F318 /* Cards.swift in Sources */ = {isa = PBXBuildFile; fileRef = 944028CE2B3045D800D8F318 /* Cards.swift */; };
		944028D12B30490A00D8F318 /* CardsView.swift in Sources */ = {isa = PBXBuildFile; fileRef = 944028D02B30490A00D8F318 /* CardsView.swift */; };
		944028D72B30949900D8F318 /* ActivityCards.swift in Sources */ = {isa = PBXBuildFile; fileRef = 944028D62B30949900D8F318 /* ActivityCards.swift */; };
		944028D92B3094E800D8F318 /* ActivityCardsView.swift in Sources */ = {isa = PBXBuildFile; fileRef = 944028D82B3094E800D8F318 /* ActivityCardsView.swift */; };
		944028DE2B30972200D8F318 /* FoodCards.swift in Sources */ = {isa = PBXBuildFile; fileRef = 944028DD2B30972200D8F318 /* FoodCards.swift */; };
		944028E02B30972E00D8F318 /* FoodCardsView.swift in Sources */ = {isa = PBXBuildFile; fileRef = 944028DF2B30972E00D8F318 /* FoodCardsView.swift */; };
		944028E52B30AD5B00D8F318 /* Main_View.swift in Sources */ = {isa = PBXBuildFile; fileRef = 944028E42B30AD5B00D8F318 /* Main_View.swift */; };
/* End PBXBuildFile section */

/* Begin PBXFileReference section */
		22D2D8F52B31752E0061FF7E /* stickyCardView.swift */ = {isa = PBXFileReference; lastKnownFileType = sourcecode.swift; path = stickyCardView.swift; sourceTree = "<group>"; };
		944028B82B30349D00D8F318 /* TinyTalks.app */ = {isa = PBXFileReference; explicitFileType = wrapper.application; includeInIndex = 0; path = TinyTalks.app; sourceTree = BUILT_PRODUCTS_DIR; };
		944028BB2B30349D00D8F318 /* TinyTalksApp.swift */ = {isa = PBXFileReference; lastKnownFileType = sourcecode.swift; path = TinyTalksApp.swift; sourceTree = "<group>"; };
		944028BD2B30349D00D8F318 /* ContentView.swift */ = {isa = PBXFileReference; lastKnownFileType = sourcecode.swift; path = ContentView.swift; sourceTree = "<group>"; };
		944028BF2B30349F00D8F318 /* Assets.xcassets */ = {isa = PBXFileReference; lastKnownFileType = folder.assetcatalog; path = Assets.xcassets; sourceTree = "<group>"; };
		944028C22B30349F00D8F318 /* Preview Assets.xcassets */ = {isa = PBXFileReference; lastKnownFileType = folder.assetcatalog; path = "Preview Assets.xcassets"; sourceTree = "<group>"; };
		944028CE2B3045D800D8F318 /* Cards.swift */ = {isa = PBXFileReference; lastKnownFileType = sourcecode.swift; path = Cards.swift; sourceTree = "<group>"; };
		944028D02B30490A00D8F318 /* CardsView.swift */ = {isa = PBXFileReference; lastKnownFileType = sourcecode.swift; path = CardsView.swift; sourceTree = "<group>"; };
		944028D62B30949900D8F318 /* ActivityCards.swift */ = {isa = PBXFileReference; lastKnownFileType = sourcecode.swift; path = ActivityCards.swift; sourceTree = "<group>"; };
		944028D82B3094E800D8F318 /* ActivityCardsView.swift */ = {isa = PBXFileReference; lastKnownFileType = sourcecode.swift; path = ActivityCardsView.swift; sourceTree = "<group>"; };
		944028DD2B30972200D8F318 /* FoodCards.swift */ = {isa = PBXFileReference; lastKnownFileType = sourcecode.swift; path = FoodCards.swift; sourceTree = "<group>"; };
		944028DF2B30972E00D8F318 /* FoodCardsView.swift */ = {isa = PBXFileReference; lastKnownFileType = sourcecode.swift; path = FoodCardsView.swift; sourceTree = "<group>"; };
		944028E42B30AD5B00D8F318 /* Main_View.swift */ = {isa = PBXFileReference; lastKnownFileType = sourcecode.swift; path = Main_View.swift; sourceTree = "<group>"; };
/* End PBXFileReference section */

/* Begin PBXFrameworksBuildPhase section */
		944028B52B30349D00D8F318 /* Frameworks */ = {
			isa = PBXFrameworksBuildPhase;
			buildActionMask = 2147483647;
			files = (
			);
			runOnlyForDeploymentPostprocessing = 0;
		};
/* End PBXFrameworksBuildPhase section */

/* Begin PBXGroup section */
		944028AF2B30349D00D8F318 = {
			isa = PBXGroup;
			children = (
				944028BA2B30349D00D8F318 /* TinyTalks */,
				944028B92B30349D00D8F318 /* Products */,
			);
			sourceTree = "<group>";
		};
		944028B92B30349D00D8F318 /* Products */ = {
			isa = PBXGroup;
			children = (
				944028B82B30349D00D8F318 /* TinyTalks.app */,
			);
			name = Products;
			sourceTree = "<group>";
		};
		944028BA2B30349D00D8F318 /* TinyTalks */ = {
			isa = PBXGroup;
			children = (
				944028E62B30AD6200D8F318 /* Views */,
				944028E32B30AD4700D8F318 /* Cards */,
				944028BB2B30349D00D8F318 /* TinyTalksApp.swift */,
				944028BD2B30349D00D8F318 /* ContentView.swift */,
				944028BF2B30349F00D8F318 /* Assets.xcassets */,
				944028C12B30349F00D8F318 /* Preview Content */,
			);
			path = TinyTalks;
			sourceTree = "<group>";
		};
		944028C12B30349F00D8F318 /* Preview Content */ = {
			isa = PBXGroup;
			children = (
				944028C22B30349F00D8F318 /* Preview Assets.xcassets */,
			);
			path = "Preview Content";
			sourceTree = "<group>";
		};
		944028CB2B30457E00D8F318 /* View */ = {
			isa = PBXGroup;
			children = (
				944028D02B30490A00D8F318 /* CardsView.swift */,
			);
			path = View;
			sourceTree = "<group>";
		};
		944028CC2B30458A00D8F318 /* Models */ = {
			isa = PBXGroup;
			children = (
				944028CE2B3045D800D8F318 /* Cards.swift */,
			);
			path = Models;
			sourceTree = "<group>";
		};
		944028D22B30890100D8F318 /* Common Use */ = {
			isa = PBXGroup;
			children = (
				944028CC2B30458A00D8F318 /* Models */,
				944028CB2B30457E00D8F318 /* View */,
			);
			path = "Common Use";
			sourceTree = "<group>";
		};
		944028D32B30943D00D8F318 /* Activities */ = {
			isa = PBXGroup;
			children = (
				944028D52B30947100D8F318 /* View */,
				944028D42B30946B00D8F318 /* Models */,
			);
			path = Activities;
			sourceTree = "<group>";
		};
		944028D42B30946B00D8F318 /* Models */ = {
			isa = PBXGroup;
			children = (
				944028D62B30949900D8F318 /* ActivityCards.swift */,
			);
			path = Models;
			sourceTree = "<group>";
		};
		944028D52B30947100D8F318 /* View */ = {
			isa = PBXGroup;
			children = (
				944028D82B3094E800D8F318 /* ActivityCardsView.swift */,
			);
			path = View;
			sourceTree = "<group>";
		};
		944028DA2B30970100D8F318 /* Food */ = {
			isa = PBXGroup;
			children = (
				944028DC2B30970C00D8F318 /* View */,
				944028DB2B30970600D8F318 /* Models */,
			);
			path = Food;
			sourceTree = "<group>";
		};
		944028DB2B30970600D8F318 /* Models */ = {
			isa = PBXGroup;
			children = (
				944028DD2B30972200D8F318 /* FoodCards.swift */,
			);
			path = Models;
			sourceTree = "<group>";
		};
		944028DC2B30970C00D8F318 /* View */ = {
			isa = PBXGroup;
			children = (
				944028DF2B30972E00D8F318 /* FoodCardsView.swift */,
			);
			path = View;
			sourceTree = "<group>";
		};
		944028E32B30AD4700D8F318 /* Cards */ = {
			isa = PBXGroup;
			children = (
				944028D22B30890100D8F318 /* Common Use */,
				944028D32B30943D00D8F318 /* Activities */,
				944028DA2B30970100D8F318 /* Food */,
			);
			path = Cards;
			sourceTree = "<group>";
		};
		944028E62B30AD6200D8F318 /* Views */ = {
			isa = PBXGroup;
			children = (
				944028E42B30AD5B00D8F318 /* Main_View.swift */,
				22D2D8F52B31752E0061FF7E /* stickyCardView.swift */,
			);
			path = Views;
			sourceTree = "<group>";
		};
/* End PBXGroup section */

/* Begin PBXNativeTarget section */
		944028B72B30349D00D8F318 /* TinyTalks */ = {
			isa = PBXNativeTarget;
			buildConfigurationList = 944028C62B30349F00D8F318 /* Build configuration list for PBXNativeTarget "TinyTalks" */;
			buildPhases = (
				944028B42B30349D00D8F318 /* Sources */,
				944028B52B30349D00D8F318 /* Frameworks */,
				944028B62B30349D00D8F318 /* Resources */,
			);
			buildRules = (
			);
			dependencies = (
			);
			name = TinyTalks;
			productName = TinyTalks;
			productReference = 944028B82B30349D00D8F318 /* TinyTalks.app */;
			productType = "com.apple.product-type.application";
		};
/* End PBXNativeTarget section */

/* Begin PBXProject section */
		944028B02B30349D00D8F318 /* Project object */ = {
			isa = PBXProject;
			attributes = {
				BuildIndependentTargetsInParallel = 1;
				LastSwiftUpdateCheck = 1500;
				LastUpgradeCheck = 1500;
				TargetAttributes = {
					944028B72B30349D00D8F318 = {
						CreatedOnToolsVersion = 15.0;
					};
				};
			};
			buildConfigurationList = 944028B32B30349D00D8F318 /* Build configuration list for PBXProject "TinyTalks" */;
			compatibilityVersion = "Xcode 14.0";
			developmentRegion = en;
			hasScannedForEncodings = 0;
			knownRegions = (
				en,
				Base,
			);
			mainGroup = 944028AF2B30349D00D8F318;
			productRefGroup = 944028B92B30349D00D8F318 /* Products */;
			projectDirPath = "";
			projectRoot = "";
			targets = (
				944028B72B30349D00D8F318 /* TinyTalks */,
			);
		};
/* End PBXProject section */

/* Begin PBXResourcesBuildPhase section */
		944028B62B30349D00D8F318 /* Resources */ = {
			isa = PBXResourcesBuildPhase;
			buildActionMask = 2147483647;
			files = (
				944028C32B30349F00D8F318 /* Preview Assets.xcassets in Resources */,
				944028C02B30349F00D8F318 /* Assets.xcassets in Resources */,
			);
			runOnlyForDeploymentPostprocessing = 0;
		};
/* End PBXResourcesBuildPhase section */

/* Begin PBXSourcesBuildPhase section */
		944028B42B30349D00D8F318 /* Sources */ = {
			isa = PBXSourcesBuildPhase;
			buildActionMask = 2147483647;
			files = (
				944028BE2B30349D00D8F318 /* ContentView.swift in Sources */,
				944028D12B30490A00D8F318 /* CardsView.swift in Sources */,
				944028E52B30AD5B00D8F318 /* Main_View.swift in Sources */,
				22D2D8F62B31752E0061FF7E /* stickyCardView.swift in Sources */,
				944028D72B30949900D8F318 /* ActivityCards.swift in Sources */,
				944028BC2B30349D00D8F318 /* TinyTalksApp.swift in Sources */,
				944028CF2B3045D800D8F318 /* Cards.swift in Sources */,
				944028DE2B30972200D8F318 /* FoodCards.swift in Sources */,
				944028E02B30972E00D8F318 /* FoodCardsView.swift in Sources */,
				944028D92B3094E800D8F318 /* ActivityCardsView.swift in Sources */,
			);
			runOnlyForDeploymentPostprocessing = 0;
		};
/* End PBXSourcesBuildPhase section */

/* Begin XCBuildConfiguration section */
		944028C42B30349F00D8F318 /* Debug */ = {
			isa = XCBuildConfiguration;
			buildSettings = {
				ALWAYS_SEARCH_USER_PATHS = NO;
				ASSETCATALOG_COMPILER_GENERATE_SWIFT_ASSET_SYMBOL_EXTENSIONS = YES;
				CLANG_ANALYZER_NONNULL = YES;
				CLANG_ANALYZER_NUMBER_OBJECT_CONVERSION = YES_AGGRESSIVE;
				CLANG_CXX_LANGUAGE_STANDARD = "gnu++20";
				CLANG_ENABLE_MODULES = YES;
				CLANG_ENABLE_OBJC_ARC = YES;
				CLANG_ENABLE_OBJC_WEAK = YES;
				CLANG_WARN_BLOCK_CAPTURE_AUTORELEASING = YES;
				CLANG_WARN_BOOL_CONVERSION = YES;
				CLANG_WARN_COMMA = YES;
				CLANG_WARN_CONSTANT_CONVERSION = YES;
				CLANG_WARN_DEPRECATED_OBJC_IMPLEMENTATIONS = YES;
				CLANG_WARN_DIRECT_OBJC_ISA_USAGE = YES_ERROR;
				CLANG_WARN_DOCUMENTATION_COMMENTS = YES;
				CLANG_WARN_EMPTY_BODY = YES;
				CLANG_WARN_ENUM_CONVERSION = YES;
				CLANG_WARN_INFINITE_RECURSION = YES;
				CLANG_WARN_INT_CONVERSION = YES;
				CLANG_WARN_NON_LITERAL_NULL_CONVERSION = YES;
				CLANG_WARN_OBJC_IMPLICIT_RETAIN_SELF = YES;
				CLANG_WARN_OBJC_LITERAL_CONVERSION = YES;
				CLANG_WARN_OBJC_ROOT_CLASS = YES_ERROR;
				CLANG_WARN_QUOTED_INCLUDE_IN_FRAMEWORK_HEADER = YES;
				CLANG_WARN_RANGE_LOOP_ANALYSIS = YES;
				CLANG_WARN_STRICT_PROTOTYPES = YES;
				CLANG_WARN_SUSPICIOUS_MOVE = YES;
				CLANG_WARN_UNGUARDED_AVAILABILITY = YES_AGGRESSIVE;
				CLANG_WARN_UNREACHABLE_CODE = YES;
				CLANG_WARN__DUPLICATE_METHOD_MATCH = YES;
				COPY_PHASE_STRIP = NO;
				DEBUG_INFORMATION_FORMAT = dwarf;
				ENABLE_STRICT_OBJC_MSGSEND = YES;
				ENABLE_TESTABILITY = YES;
				ENABLE_USER_SCRIPT_SANDBOXING = YES;
				GCC_C_LANGUAGE_STANDARD = gnu17;
				GCC_DYNAMIC_NO_PIC = NO;
				GCC_NO_COMMON_BLOCKS = YES;
				GCC_OPTIMIZATION_LEVEL = 0;
				GCC_PREPROCESSOR_DEFINITIONS = (
					"DEBUG=1",
					"$(inherited)",
				);
				GCC_WARN_64_TO_32_BIT_CONVERSION = YES;
				GCC_WARN_ABOUT_RETURN_TYPE = YES_ERROR;
				GCC_WARN_UNDECLARED_SELECTOR = YES;
				GCC_WARN_UNINITIALIZED_AUTOS = YES_AGGRESSIVE;
				GCC_WARN_UNUSED_FUNCTION = YES;
				GCC_WARN_UNUSED_VARIABLE = YES;
				IPHONEOS_DEPLOYMENT_TARGET = 17.0;
				LOCALIZATION_PREFERS_STRING_CATALOGS = YES;
				MTL_ENABLE_DEBUG_INFO = INCLUDE_SOURCE;
				MTL_FAST_MATH = YES;
				ONLY_ACTIVE_ARCH = YES;
				SDKROOT = iphoneos;
				SWIFT_ACTIVE_COMPILATION_CONDITIONS = "DEBUG $(inherited)";
				SWIFT_OPTIMIZATION_LEVEL = "-Onone";
			};
			name = Debug;
		};
		944028C52B30349F00D8F318 /* Release */ = {
			isa = XCBuildConfiguration;
			buildSettings = {
				ALWAYS_SEARCH_USER_PATHS = NO;
				ASSETCATALOG_COMPILER_GENERATE_SWIFT_ASSET_SYMBOL_EXTENSIONS = YES;
				CLANG_ANALYZER_NONNULL = YES;
				CLANG_ANALYZER_NUMBER_OBJECT_CONVERSION = YES_AGGRESSIVE;
				CLANG_CXX_LANGUAGE_STANDARD = "gnu++20";
				CLANG_ENABLE_MODULES = YES;
				CLANG_ENABLE_OBJC_ARC = YES;
				CLANG_ENABLE_OBJC_WEAK = YES;
				CLANG_WARN_BLOCK_CAPTURE_AUTORELEASING = YES;
				CLANG_WARN_BOOL_CONVERSION = YES;
				CLANG_WARN_COMMA = YES;
				CLANG_WARN_CONSTANT_CONVERSION = YES;
				CLANG_WARN_DEPRECATED_OBJC_IMPLEMENTATIONS = YES;
				CLANG_WARN_DIRECT_OBJC_ISA_USAGE = YES_ERROR;
				CLANG_WARN_DOCUMENTATION_COMMENTS = YES;
				CLANG_WARN_EMPTY_BODY = YES;
				CLANG_WARN_ENUM_CONVERSION = YES;
				CLANG_WARN_INFINITE_RECURSION = YES;
				CLANG_WARN_INT_CONVERSION = YES;
				CLANG_WARN_NON_LITERAL_NULL_CONVERSION = YES;
				CLANG_WARN_OBJC_IMPLICIT_RETAIN_SELF = YES;
				CLANG_WARN_OBJC_LITERAL_CONVERSION = YES;
				CLANG_WARN_OBJC_ROOT_CLASS = YES_ERROR;
				CLANG_WARN_QUOTED_INCLUDE_IN_FRAMEWORK_HEADER = YES;
				CLANG_WARN_RANGE_LOOP_ANALYSIS = YES;
				CLANG_WARN_STRICT_PROTOTYPES = YES;
				CLANG_WARN_SUSPICIOUS_MOVE = YES;
				CLANG_WARN_UNGUARDED_AVAILABILITY = YES_AGGRESSIVE;
				CLANG_WARN_UNREACHABLE_CODE = YES;
				CLANG_WARN__DUPLICATE_METHOD_MATCH = YES;
				COPY_PHASE_STRIP = NO;
				DEBUG_INFORMATION_FORMAT = "dwarf-with-dsym";
				ENABLE_NS_ASSERTIONS = NO;
				ENABLE_STRICT_OBJC_MSGSEND = YES;
				ENABLE_USER_SCRIPT_SANDBOXING = YES;
				GCC_C_LANGUAGE_STANDARD = gnu17;
				GCC_NO_COMMON_BLOCKS = YES;
				GCC_WARN_64_TO_32_BIT_CONVERSION = YES;
				GCC_WARN_ABOUT_RETURN_TYPE = YES_ERROR;
				GCC_WARN_UNDECLARED_SELECTOR = YES;
				GCC_WARN_UNINITIALIZED_AUTOS = YES_AGGRESSIVE;
				GCC_WARN_UNUSED_FUNCTION = YES;
				GCC_WARN_UNUSED_VARIABLE = YES;
				IPHONEOS_DEPLOYMENT_TARGET = 17.0;
				LOCALIZATION_PREFERS_STRING_CATALOGS = YES;
				MTL_ENABLE_DEBUG_INFO = NO;
				MTL_FAST_MATH = YES;
				SDKROOT = iphoneos;
				SWIFT_COMPILATION_MODE = wholemodule;
				VALIDATE_PRODUCT = YES;
			};
			name = Release;
		};
		944028C72B30349F00D8F318 /* Debug */ = {
			isa = XCBuildConfiguration;
			buildSettings = {
				ASSETCATALOG_COMPILER_APPICON_NAME = AppIcon;
				ASSETCATALOG_COMPILER_GLOBAL_ACCENT_COLOR_NAME = AccentColor;
				CODE_SIGN_STYLE = Automatic;
				CURRENT_PROJECT_VERSION = 1;
				DEVELOPMENT_ASSET_PATHS = "\"TinyTalks/Preview Content\"";
				ENABLE_PREVIEWS = YES;
				GENERATE_INFOPLIST_FILE = YES;
				INFOPLIST_KEY_UIApplicationSceneManifest_Generation = YES;
				INFOPLIST_KEY_UIApplicationSupportsIndirectInputEvents = YES;
				INFOPLIST_KEY_UILaunchScreen_Generation = YES;
				INFOPLIST_KEY_UISupportedInterfaceOrientations_iPad = "UIInterfaceOrientationPortrait UIInterfaceOrientationPortraitUpsideDown UIInterfaceOrientationLandscapeLeft UIInterfaceOrientationLandscapeRight";
				INFOPLIST_KEY_UISupportedInterfaceOrientations_iPhone = "UIInterfaceOrientationPortrait UIInterfaceOrientationLandscapeLeft UIInterfaceOrientationLandscapeRight";
				LD_RUNPATH_SEARCH_PATHS = (
					"$(inherited)",
					"@executable_path/Frameworks",
				);
				MARKETING_VERSION = 1.0;
				PRODUCT_BUNDLE_IDENTIFIER = Afrah.TinyTalks;
				PRODUCT_NAME = "$(TARGET_NAME)";
				SWIFT_EMIT_LOC_STRINGS = YES;
				SWIFT_VERSION = 5.0;
				TARGETED_DEVICE_FAMILY = "1,2";
			};
			name = Debug;
		};
		944028C82B30349F00D8F318 /* Release */ = {
			isa = XCBuildConfiguration;
			buildSettings = {
				ASSETCATALOG_COMPILER_APPICON_NAME = AppIcon;
				ASSETCATALOG_COMPILER_GLOBAL_ACCENT_COLOR_NAME = AccentColor;
				CODE_SIGN_STYLE = Automatic;
				CURRENT_PROJECT_VERSION = 1;
				DEVELOPMENT_ASSET_PATHS = "\"TinyTalks/Preview Content\"";
				ENABLE_PREVIEWS = YES;
				GENERATE_INFOPLIST_FILE = YES;
				INFOPLIST_KEY_UIApplicationSceneManifest_Generation = YES;
				INFOPLIST_KEY_UIApplicationSupportsIndirectInputEvents = YES;
				INFOPLIST_KEY_UILaunchScreen_Generation = YES;
				INFOPLIST_KEY_UISupportedInterfaceOrientations_iPad = "UIInterfaceOrientationPortrait UIInterfaceOrientationPortraitUpsideDown UIInterfaceOrientationLandscapeLeft UIInterfaceOrientationLandscapeRight";
				INFOPLIST_KEY_UISupportedInterfaceOrientations_iPhone = "UIInterfaceOrientationPortrait UIInterfaceOrientationLandscapeLeft UIInterfaceOrientationLandscapeRight";
				LD_RUNPATH_SEARCH_PATHS = (
					"$(inherited)",
					"@executable_path/Frameworks",
				);
				MARKETING_VERSION = 1.0;
				PRODUCT_BUNDLE_IDENTIFIER = Afrah.TinyTalks;
				PRODUCT_NAME = "$(TARGET_NAME)";
				SWIFT_EMIT_LOC_STRINGS = YES;
				SWIFT_VERSION = 5.0;
				TARGETED_DEVICE_FAMILY = "1,2";
			};
			name = Release;
		};
/* End XCBuildConfiguration section */

/* Begin XCConfigurationList section */
		944028B32B30349D00D8F318 /* Build configuration list for PBXProject "TinyTalks" */ = {
			isa = XCConfigurationList;
			buildConfigurations = (
				944028C42B30349F00D8F318 /* Debug */,
				944028C52B30349F00D8F318 /* Release */,
			);
			defaultConfigurationIsVisible = 0;
			defaultConfigurationName = Release;
		};
		944028C62B30349F00D8F318 /* Build configuration list for PBXNativeTarget "TinyTalks" */ = {
			isa = XCConfigurationList;
			buildConfigurations = (
				944028C72B30349F00D8F318 /* Debug */,
				944028C82B30349F00D8F318 /* Release */,
			);
			defaultConfigurationIsVisible = 0;
			defaultConfigurationName = Release;
		};
/* End XCConfigurationList section */
	};
	rootObject = 944028B02B30349D00D8F318 /* Project object */;
}
